// !$*UTF8*$!
{
	archiveVersion = 1;
	classes = {
	};
	objectVersion = 46;
	objects = {

/* Begin PBXBuildFile section */
		94504D6E1B7BDB5500586423 /* HomeViewController.swift in Sources */ = {isa = PBXBuildFile; fileRef = 94504D6D1B7BDB5500586423 /* HomeViewController.swift */; };
		94E9AAD81B61945400FACE9D /* AppDelegate.swift in Sources */ = {isa = PBXBuildFile; fileRef = 94E9AAD71B61945400FACE9D /* AppDelegate.swift */; };
		94E9AADD1B61945400FACE9D /* Main.storyboard in Resources */ = {isa = PBXBuildFile; fileRef = 94E9AADB1B61945400FACE9D /* Main.storyboard */; };
		94E9AADF1B61945400FACE9D /* Images.xcassets in Resources */ = {isa = PBXBuildFile; fileRef = 94E9AADE1B61945400FACE9D /* Images.xcassets */; };
		94E9AAE21B61945400FACE9D /* LaunchScreen.xib in Resources */ = {isa = PBXBuildFile; fileRef = 94E9AAE01B61945400FACE9D /* LaunchScreen.xib */; };
		94E9AAEE1B61945400FACE9D /* aj_lawTests.swift in Sources */ = {isa = PBXBuildFile; fileRef = 94E9AAED1B61945400FACE9D /* aj_lawTests.swift */; };
		94E9AAF81B6194A000FACE9D /* ChecklistViewController.swift in Sources */ = {isa = PBXBuildFile; fileRef = 94E9AAF71B6194A000FACE9D /* ChecklistViewController.swift */; };
		94E9AB3C1B61D7FD00FACE9D /* Bolts.framework in Frameworks */ = {isa = PBXBuildFile; fileRef = 94E9AB3B1B61D7FD00FACE9D /* Bolts.framework */; };
		94E9AB3E1B61D80500FACE9D /* Parse.framework in Frameworks */ = {isa = PBXBuildFile; fileRef = 94E9AB3D1B61D80500FACE9D /* Parse.framework */; };
		94E9AB401B61D83E00FACE9D /* AudioToolbox.framework in Frameworks */ = {isa = PBXBuildFile; fileRef = 94E9AB3F1B61D83E00FACE9D /* AudioToolbox.framework */; };
		94E9AB421B61D84500FACE9D /* CFNetwork.framework in Frameworks */ = {isa = PBXBuildFile; fileRef = 94E9AB411B61D84500FACE9D /* CFNetwork.framework */; };
		94E9AB441B61D84D00FACE9D /* CoreGraphics.framework in Frameworks */ = {isa = PBXBuildFile; fileRef = 94E9AB431B61D84D00FACE9D /* CoreGraphics.framework */; };
		94E9AB461B61D85600FACE9D /* CoreLocation.framework in Frameworks */ = {isa = PBXBuildFile; fileRef = 94E9AB451B61D85600FACE9D /* CoreLocation.framework */; };
		94E9AB481B61D85E00FACE9D /* QuartzCore.framework in Frameworks */ = {isa = PBXBuildFile; fileRef = 94E9AB471B61D85E00FACE9D /* QuartzCore.framework */; };
		94E9AB4A1B61D86500FACE9D /* Security.framework in Frameworks */ = {isa = PBXBuildFile; fileRef = 94E9AB491B61D86500FACE9D /* Security.framework */; };
		94E9AB4C1B61D86D00FACE9D /* StoreKit.framework in Frameworks */ = {isa = PBXBuildFile; fileRef = 94E9AB4B1B61D86D00FACE9D /* StoreKit.framework */; };
		94E9AB4E1B61D87E00FACE9D /* SystemConfiguration.framework in Frameworks */ = {isa = PBXBuildFile; fileRef = 94E9AB4D1B61D87E00FACE9D /* SystemConfiguration.framework */; };
		94E9AB501B61D88900FACE9D /* libz.dylib in Frameworks */ = {isa = PBXBuildFile; fileRef = 94E9AB4F1B61D88900FACE9D /* libz.dylib */; };
		94E9AB521B61D89D00FACE9D /* libsqlite3.dylib in Frameworks */ = {isa = PBXBuildFile; fileRef = 94E9AB511B61D89D00FACE9D /* libsqlite3.dylib */; };
		94E9AB541B61D8AA00FACE9D /* Accounts.framework in Frameworks */ = {isa = PBXBuildFile; fileRef = 94E9AB531B61D8AA00FACE9D /* Accounts.framework */; };
		94E9AB561B61D8B100FACE9D /* Social.framework in Frameworks */ = {isa = PBXBuildFile; fileRef = 94E9AB551B61D8B100FACE9D /* Social.framework */; };
		94E9AB581B61E70600FACE9D /* LoginViewController.swift in Sources */ = {isa = PBXBuildFile; fileRef = 94E9AB571B61E70600FACE9D /* LoginViewController.swift */; };
		94E9AB5A1B62B20700FACE9D /* RegisterViewController.swift in Sources */ = {isa = PBXBuildFile; fileRef = 94E9AB591B62B20700FACE9D /* RegisterViewController.swift */; };
		94E9AB5E1B62D84A00FACE9D /* DetailChecklistViewController.swift in Sources */ = {isa = PBXBuildFile; fileRef = 94E9AB5D1B62D84A00FACE9D /* DetailChecklistViewController.swift */; };
		94E9AB611B62EEBA00FACE9D /* UserViewController.swift in Sources */ = {isa = PBXBuildFile; fileRef = 94E9AB601B62EEBA00FACE9D /* UserViewController.swift */; };
		94E9AB641B62EFE900FACE9D /* NotesViewController.swift in Sources */ = {isa = PBXBuildFile; fileRef = 94E9AB631B62EFE900FACE9D /* NotesViewController.swift */; };
		94E9AB661B66C6DA00FACE9D /* NewDocumentViewController.swift in Sources */ = {isa = PBXBuildFile; fileRef = 94E9AB651B66C6DA00FACE9D /* NewDocumentViewController.swift */; };
/* End PBXBuildFile section */

/* Begin PBXContainerItemProxy section */
		94E9AAE81B61945400FACE9D /* PBXContainerItemProxy */ = {
			isa = PBXContainerItemProxy;
			containerPortal = 94E9AACA1B61945400FACE9D /* Project object */;
			proxyType = 1;
			remoteGlobalIDString = 94E9AAD11B61945400FACE9D;
			remoteInfo = "aj-law";
		};
/* End PBXContainerItemProxy section */

/* Begin PBXFileReference section */
		94504D6D1B7BDB5500586423 /* HomeViewController.swift */ = {isa = PBXFileReference; fileEncoding = 4; lastKnownFileType = sourcecode.swift; path = HomeViewController.swift; sourceTree = "<group>"; };
		94E9AAD21B61945400FACE9D /* JobRights.app */ = {isa = PBXFileReference; explicitFileType = wrapper.application; includeInIndex = 0; path = JobRights.app; sourceTree = BUILT_PRODUCTS_DIR; };
		94E9AAD61B61945400FACE9D /* Info.plist */ = {isa = PBXFileReference; lastKnownFileType = text.plist.xml; path = Info.plist; sourceTree = "<group>"; };
		94E9AAD71B61945400FACE9D /* AppDelegate.swift */ = {isa = PBXFileReference; lastKnownFileType = sourcecode.swift; path = AppDelegate.swift; sourceTree = "<group>"; };
		94E9AADC1B61945400FACE9D /* Base */ = {isa = PBXFileReference; lastKnownFileType = file.storyboard; name = Base; path = Base.lproj/Main.storyboard; sourceTree = "<group>"; };
		94E9AADE1B61945400FACE9D /* Images.xcassets */ = {isa = PBXFileReference; lastKnownFileType = folder.assetcatalog; path = Images.xcassets; sourceTree = "<group>"; };
		94E9AAE11B61945400FACE9D /* Base */ = {isa = PBXFileReference; lastKnownFileType = file.xib; name = Base; path = Base.lproj/LaunchScreen.xib; sourceTree = "<group>"; };
		94E9AAE71B61945400FACE9D /* JobRightsTests.xctest */ = {isa = PBXFileReference; explicitFileType = wrapper.cfbundle; includeInIndex = 0; path = JobRightsTests.xctest; sourceTree = BUILT_PRODUCTS_DIR; };
		94E9AAEC1B61945400FACE9D /* Info.plist */ = {isa = PBXFileReference; lastKnownFileType = text.plist.xml; path = Info.plist; sourceTree = "<group>"; };
		94E9AAED1B61945400FACE9D /* aj_lawTests.swift */ = {isa = PBXFileReference; lastKnownFileType = sourcecode.swift; path = aj_lawTests.swift; sourceTree = "<group>"; };
		94E9AAF71B6194A000FACE9D /* ChecklistViewController.swift */ = {isa = PBXFileReference; fileEncoding = 4; lastKnownFileType = sourcecode.swift; path = ChecklistViewController.swift; sourceTree = "<group>"; };
		94E9AB3B1B61D7FD00FACE9D /* Bolts.framework */ = {isa = PBXFileReference; lastKnownFileType = wrapper.framework; path = Bolts.framework; sourceTree = "<group>"; };
		94E9AB3D1B61D80500FACE9D /* Parse.framework */ = {isa = PBXFileReference; lastKnownFileType = wrapper.framework; path = Parse.framework; sourceTree = "<group>"; };
		94E9AB3F1B61D83E00FACE9D /* AudioToolbox.framework */ = {isa = PBXFileReference; lastKnownFileType = wrapper.framework; name = AudioToolbox.framework; path = System/Library/Frameworks/AudioToolbox.framework; sourceTree = SDKROOT; };
		94E9AB411B61D84500FACE9D /* CFNetwork.framework */ = {isa = PBXFileReference; lastKnownFileType = wrapper.framework; name = CFNetwork.framework; path = System/Library/Frameworks/CFNetwork.framework; sourceTree = SDKROOT; };
		94E9AB431B61D84D00FACE9D /* CoreGraphics.framework */ = {isa = PBXFileReference; lastKnownFileType = wrapper.framework; name = CoreGraphics.framework; path = System/Library/Frameworks/CoreGraphics.framework; sourceTree = SDKROOT; };
		94E9AB451B61D85600FACE9D /* CoreLocation.framework */ = {isa = PBXFileReference; lastKnownFileType = wrapper.framework; name = CoreLocation.framework; path = System/Library/Frameworks/CoreLocation.framework; sourceTree = SDKROOT; };
		94E9AB471B61D85E00FACE9D /* QuartzCore.framework */ = {isa = PBXFileReference; lastKnownFileType = wrapper.framework; name = QuartzCore.framework; path = System/Library/Frameworks/QuartzCore.framework; sourceTree = SDKROOT; };
		94E9AB491B61D86500FACE9D /* Security.framework */ = {isa = PBXFileReference; lastKnownFileType = wrapper.framework; name = Security.framework; path = System/Library/Frameworks/Security.framework; sourceTree = SDKROOT; };
		94E9AB4B1B61D86D00FACE9D /* StoreKit.framework */ = {isa = PBXFileReference; lastKnownFileType = wrapper.framework; name = StoreKit.framework; path = System/Library/Frameworks/StoreKit.framework; sourceTree = SDKROOT; };
		94E9AB4D1B61D87E00FACE9D /* SystemConfiguration.framework */ = {isa = PBXFileReference; lastKnownFileType = wrapper.framework; name = SystemConfiguration.framework; path = System/Library/Frameworks/SystemConfiguration.framework; sourceTree = SDKROOT; };
		94E9AB4F1B61D88900FACE9D /* libz.dylib */ = {isa = PBXFileReference; lastKnownFileType = "compiled.mach-o.dylib"; name = libz.dylib; path = usr/lib/libz.dylib; sourceTree = SDKROOT; };
		94E9AB511B61D89D00FACE9D /* libsqlite3.dylib */ = {isa = PBXFileReference; lastKnownFileType = "compiled.mach-o.dylib"; name = libsqlite3.dylib; path = usr/lib/libsqlite3.dylib; sourceTree = SDKROOT; };
		94E9AB531B61D8AA00FACE9D /* Accounts.framework */ = {isa = PBXFileReference; lastKnownFileType = wrapper.framework; name = Accounts.framework; path = System/Library/Frameworks/Accounts.framework; sourceTree = SDKROOT; };
		94E9AB551B61D8B100FACE9D /* Social.framework */ = {isa = PBXFileReference; lastKnownFileType = wrapper.framework; name = Social.framework; path = System/Library/Frameworks/Social.framework; sourceTree = SDKROOT; };
		94E9AB571B61E70600FACE9D /* LoginViewController.swift */ = {isa = PBXFileReference; fileEncoding = 4; lastKnownFileType = sourcecode.swift; path = LoginViewController.swift; sourceTree = "<group>"; };
		94E9AB591B62B20700FACE9D /* RegisterViewController.swift */ = {isa = PBXFileReference; fileEncoding = 4; lastKnownFileType = sourcecode.swift; path = RegisterViewController.swift; sourceTree = "<group>"; };
		94E9AB5D1B62D84A00FACE9D /* DetailChecklistViewController.swift */ = {isa = PBXFileReference; fileEncoding = 4; lastKnownFileType = sourcecode.swift; path = DetailChecklistViewController.swift; sourceTree = "<group>"; };
		94E9AB601B62EEBA00FACE9D /* UserViewController.swift */ = {isa = PBXFileReference; fileEncoding = 4; lastKnownFileType = sourcecode.swift; path = UserViewController.swift; sourceTree = "<group>"; };
		94E9AB631B62EFE900FACE9D /* NotesViewController.swift */ = {isa = PBXFileReference; fileEncoding = 4; lastKnownFileType = sourcecode.swift; path = NotesViewController.swift; sourceTree = "<group>"; };
		94E9AB651B66C6DA00FACE9D /* NewDocumentViewController.swift */ = {isa = PBXFileReference; fileEncoding = 4; lastKnownFileType = sourcecode.swift; path = NewDocumentViewController.swift; sourceTree = "<group>"; };
/* End PBXFileReference section */

/* Begin PBXFrameworksBuildPhase section */
		94E9AACF1B61945400FACE9D /* Frameworks */ = {
			isa = PBXFrameworksBuildPhase;
			buildActionMask = 2147483647;
			files = (
				94E9AB561B61D8B100FACE9D /* Social.framework in Frameworks */,
				94E9AB541B61D8AA00FACE9D /* Accounts.framework in Frameworks */,
				94E9AB521B61D89D00FACE9D /* libsqlite3.dylib in Frameworks */,
				94E9AB501B61D88900FACE9D /* libz.dylib in Frameworks */,
				94E9AB4E1B61D87E00FACE9D /* SystemConfiguration.framework in Frameworks */,
				94E9AB4C1B61D86D00FACE9D /* StoreKit.framework in Frameworks */,
				94E9AB4A1B61D86500FACE9D /* Security.framework in Frameworks */,
				94E9AB481B61D85E00FACE9D /* QuartzCore.framework in Frameworks */,
				94E9AB461B61D85600FACE9D /* CoreLocation.framework in Frameworks */,
				94E9AB441B61D84D00FACE9D /* CoreGraphics.framework in Frameworks */,
				94E9AB421B61D84500FACE9D /* CFNetwork.framework in Frameworks */,
				94E9AB401B61D83E00FACE9D /* AudioToolbox.framework in Frameworks */,
				94E9AB3E1B61D80500FACE9D /* Parse.framework in Frameworks */,
				94E9AB3C1B61D7FD00FACE9D /* Bolts.framework in Frameworks */,
			);
			runOnlyForDeploymentPostprocessing = 0;
		};
		94E9AAE41B61945400FACE9D /* Frameworks */ = {
			isa = PBXFrameworksBuildPhase;
			buildActionMask = 2147483647;
			files = (
			);
			runOnlyForDeploymentPostprocessing = 0;
		};
/* End PBXFrameworksBuildPhase section */

/* Begin PBXGroup section */
		94504D6C1B7BDB3E00586423 /* Home */ = {
			isa = PBXGroup;
			children = (
				94504D6D1B7BDB5500586423 /* HomeViewController.swift */,
			);
			name = Home;
			sourceTree = "<group>";
		};
		94E9AAC91B61945400FACE9D = {
			isa = PBXGroup;
			children = (
				94E9AAD41B61945400FACE9D /* JobRights */,
				94E9AB3A1B61D7F300FACE9D /* Frameworks */,
				94E9AAEA1B61945400FACE9D /* aj-lawTests */,
				94E9AAD31B61945400FACE9D /* Products */,
			);
			sourceTree = "<group>";
		};
		94E9AAD31B61945400FACE9D /* Products */ = {
			isa = PBXGroup;
			children = (
				94E9AAD21B61945400FACE9D /* JobRights.app */,
				94E9AAE71B61945400FACE9D /* JobRightsTests.xctest */,
			);
			name = Products;
			sourceTree = "<group>";
		};
		94E9AAD41B61945400FACE9D /* JobRights */ = {
			isa = PBXGroup;
			children = (
				94504D6C1B7BDB3E00586423 /* Home */,
				94E9AB621B62EFDA00FACE9D /* RecordKeeper */,
				94E9AB5F1B62EEAB00FACE9D /* User */,
				94E9AB5C1B62D82100FACE9D /* Document Management */,
				94E9AB5B1B62D80C00FACE9D /* Login/Register */,
				94E9AAD71B61945400FACE9D /* AppDelegate.swift */,
				94E9AADB1B61945400FACE9D /* Main.storyboard */,
				94E9AADE1B61945400FACE9D /* Images.xcassets */,
				94E9AAE01B61945400FACE9D /* LaunchScreen.xib */,
				94E9AAD51B61945400FACE9D /* Supporting Files */,
			);
			name = JobRights;
			path = "aj-law";
			sourceTree = "<group>";
		};
		94E9AAD51B61945400FACE9D /* Supporting Files */ = {
			isa = PBXGroup;
			children = (
				94E9AAD61B61945400FACE9D /* Info.plist */,
			);
			name = "Supporting Files";
			sourceTree = "<group>";
		};
		94E9AAEA1B61945400FACE9D /* aj-lawTests */ = {
			isa = PBXGroup;
			children = (
				94E9AAED1B61945400FACE9D /* aj_lawTests.swift */,
				94E9AAEB1B61945400FACE9D /* Supporting Files */,
			);
			path = "aj-lawTests";
			sourceTree = "<group>";
		};
		94E9AAEB1B61945400FACE9D /* Supporting Files */ = {
			isa = PBXGroup;
			children = (
				94E9AAEC1B61945400FACE9D /* Info.plist */,
			);
			name = "Supporting Files";
			sourceTree = "<group>";
		};
		94E9AB3A1B61D7F300FACE9D /* Frameworks */ = {
			isa = PBXGroup;
			children = (
				94E9AB551B61D8B100FACE9D /* Social.framework */,
				94E9AB531B61D8AA00FACE9D /* Accounts.framework */,
				94E9AB511B61D89D00FACE9D /* libsqlite3.dylib */,
				94E9AB4F1B61D88900FACE9D /* libz.dylib */,
				94E9AB4D1B61D87E00FACE9D /* SystemConfiguration.framework */,
				94E9AB4B1B61D86D00FACE9D /* StoreKit.framework */,
				94E9AB491B61D86500FACE9D /* Security.framework */,
				94E9AB471B61D85E00FACE9D /* QuartzCore.framework */,
				94E9AB451B61D85600FACE9D /* CoreLocation.framework */,
				94E9AB431B61D84D00FACE9D /* CoreGraphics.framework */,
				94E9AB411B61D84500FACE9D /* CFNetwork.framework */,
				94E9AB3F1B61D83E00FACE9D /* AudioToolbox.framework */,
				94E9AB3D1B61D80500FACE9D /* Parse.framework */,
				94E9AB3B1B61D7FD00FACE9D /* Bolts.framework */,
			);
			name = Frameworks;
			sourceTree = "<group>";
		};
		94E9AB5B1B62D80C00FACE9D /* Login/Register */ = {
			isa = PBXGroup;
			children = (
				94E9AB571B61E70600FACE9D /* LoginViewController.swift */,
				94E9AB591B62B20700FACE9D /* RegisterViewController.swift */,
			);
			name = Login/Register;
			sourceTree = "<group>";
		};
		94E9AB5C1B62D82100FACE9D /* Document Management */ = {
			isa = PBXGroup;
			children = (
				94E9AAF71B6194A000FACE9D /* ChecklistViewController.swift */,
				94E9AB5D1B62D84A00FACE9D /* DetailChecklistViewController.swift */,
				94E9AB651B66C6DA00FACE9D /* NewDocumentViewController.swift */,
			);
			name = "Document Management";
			sourceTree = "<group>";
		};
		94E9AB5F1B62EEAB00FACE9D /* User */ = {
			isa = PBXGroup;
			children = (
				94E9AB601B62EEBA00FACE9D /* UserViewController.swift */,
			);
			name = User;
			sourceTree = "<group>";
		};
		94E9AB621B62EFDA00FACE9D /* RecordKeeper */ = {
			isa = PBXGroup;
			children = (
				94E9AB631B62EFE900FACE9D /* NotesViewController.swift */,
			);
			name = RecordKeeper;
			sourceTree = "<group>";
		};
/* End PBXGroup section */

/* Begin PBXNativeTarget section */
		94E9AAD11B61945400FACE9D /* JobRights */ = {
			isa = PBXNativeTarget;
			buildConfigurationList = 94E9AAF11B61945400FACE9D /* Build configuration list for PBXNativeTarget "JobRights" */;
			buildPhases = (
				94E9AACE1B61945400FACE9D /* Sources */,
				94E9AACF1B61945400FACE9D /* Frameworks */,
				94E9AAD01B61945400FACE9D /* Resources */,
			);
			buildRules = (
			);
			dependencies = (
			);
			name = JobRights;
			productName = "aj-law";
			productReference = 94E9AAD21B61945400FACE9D /* JobRights.app */;
			productType = "com.apple.product-type.application";
		};
		94E9AAE61B61945400FACE9D /* JobRightsTests */ = {
			isa = PBXNativeTarget;
			buildConfigurationList = 94E9AAF41B61945400FACE9D /* Build configuration list for PBXNativeTarget "JobRightsTests" */;
			buildPhases = (
				94E9AAE31B61945400FACE9D /* Sources */,
				94E9AAE41B61945400FACE9D /* Frameworks */,
				94E9AAE51B61945400FACE9D /* Resources */,
			);
			buildRules = (
			);
			dependencies = (
				94E9AAE91B61945400FACE9D /* PBXTargetDependency */,
			);
			name = JobRightsTests;
			productName = "aj-lawTests";
			productReference = 94E9AAE71B61945400FACE9D /* JobRightsTests.xctest */;
			productType = "com.apple.product-type.bundle.unit-test";
		};
/* End PBXNativeTarget section */

/* Begin PBXProject section */
		94E9AACA1B61945400FACE9D /* Project object */ = {
			isa = PBXProject;
			attributes = {
				LastUpgradeCheck = 0640;
				ORGANIZATIONNAME = simonorlovsky;
				TargetAttributes = {
					94E9AAD11B61945400FACE9D = {
						CreatedOnToolsVersion = 6.4;
					};
					94E9AAE61B61945400FACE9D = {
						CreatedOnToolsVersion = 6.4;
						TestTargetID = 94E9AAD11B61945400FACE9D;
					};
				};
			};
			buildConfigurationList = 94E9AACD1B61945400FACE9D /* Build configuration list for PBXProject "JobRights" */;
			compatibilityVersion = "Xcode 3.2";
			developmentRegion = English;
			hasScannedForEncodings = 0;
			knownRegions = (
				en,
				Base,
			);
			mainGroup = 94E9AAC91B61945400FACE9D;
			productRefGroup = 94E9AAD31B61945400FACE9D /* Products */;
			projectDirPath = "";
			projectRoot = "";
			targets = (
				94E9AAD11B61945400FACE9D /* JobRights */,
				94E9AAE61B61945400FACE9D /* JobRightsTests */,
			);
		};
/* End PBXProject section */

/* Begin PBXResourcesBuildPhase section */
		94E9AAD01B61945400FACE9D /* Resources */ = {
			isa = PBXResourcesBuildPhase;
			buildActionMask = 2147483647;
			files = (
				94E9AADD1B61945400FACE9D /* Main.storyboard in Resources */,
				94E9AAE21B61945400FACE9D /* LaunchScreen.xib in Resources */,
				94E9AADF1B61945400FACE9D /* Images.xcassets in Resources */,
			);
			runOnlyForDeploymentPostprocessing = 0;
		};
		94E9AAE51B61945400FACE9D /* Resources */ = {
			isa = PBXResourcesBuildPhase;
			buildActionMask = 2147483647;
			files = (
			);
			runOnlyForDeploymentPostprocessing = 0;
		};
/* End PBXResourcesBuildPhase section */

/* Begin PBXSourcesBuildPhase section */
		94E9AACE1B61945400FACE9D /* Sources */ = {
			isa = PBXSourcesBuildPhase;
			buildActionMask = 2147483647;
			files = (
				94E9AB581B61E70600FACE9D /* LoginViewController.swift in Sources */,
				94E9AB611B62EEBA00FACE9D /* UserViewController.swift in Sources */,
				94E9AB661B66C6DA00FACE9D /* NewDocumentViewController.swift in Sources */,
				94E9AB5E1B62D84A00FACE9D /* DetailChecklistViewController.swift in Sources */,
				94E9AB641B62EFE900FACE9D /* NotesViewController.swift in Sources */,
				94504D6E1B7BDB5500586423 /* HomeViewController.swift in Sources */,
				94E9AAD81B61945400FACE9D /* AppDelegate.swift in Sources */,
				94E9AAF81B6194A000FACE9D /* ChecklistViewController.swift in Sources */,
				94E9AB5A1B62B20700FACE9D /* RegisterViewController.swift in Sources */,
			);
			runOnlyForDeploymentPostprocessing = 0;
		};
		94E9AAE31B61945400FACE9D /* Sources */ = {
			isa = PBXSourcesBuildPhase;
			buildActionMask = 2147483647;
			files = (
				94E9AAEE1B61945400FACE9D /* aj_lawTests.swift in Sources */,
			);
			runOnlyForDeploymentPostprocessing = 0;
		};
/* End PBXSourcesBuildPhase section */

/* Begin PBXTargetDependency section */
		94E9AAE91B61945400FACE9D /* PBXTargetDependency */ = {
			isa = PBXTargetDependency;
			target = 94E9AAD11B61945400FACE9D /* JobRights */;
			targetProxy = 94E9AAE81B61945400FACE9D /* PBXContainerItemProxy */;
		};
/* End PBXTargetDependency section */

/* Begin PBXVariantGroup section */
		94E9AADB1B61945400FACE9D /* Main.storyboard */ = {
			isa = PBXVariantGroup;
			children = (
				94E9AADC1B61945400FACE9D /* Base */,
			);
			name = Main.storyboard;
			sourceTree = "<group>";
		};
		94E9AAE01B61945400FACE9D /* LaunchScreen.xib */ = {
			isa = PBXVariantGroup;
			children = (
				94E9AAE11B61945400FACE9D /* Base */,
			);
			name = LaunchScreen.xib;
			sourceTree = "<group>";
		};
/* End PBXVariantGroup section */

/* Begin XCBuildConfiguration section */
		94E9AAEF1B61945400FACE9D /* Debug */ = {
			isa = XCBuildConfiguration;
			buildSettings = {
				ALWAYS_SEARCH_USER_PATHS = NO;
				CLANG_CXX_LANGUAGE_STANDARD = "gnu++0x";
				CLANG_CXX_LIBRARY = "libc++";
				CLANG_ENABLE_MODULES = YES;
				CLANG_ENABLE_OBJC_ARC = YES;
				CLANG_WARN_BOOL_CONVERSION = YES;
				CLANG_WARN_CONSTANT_CONVERSION = YES;
				CLANG_WARN_DIRECT_OBJC_ISA_USAGE = YES_ERROR;
				CLANG_WARN_EMPTY_BODY = YES;
				CLANG_WARN_ENUM_CONVERSION = YES;
				CLANG_WARN_INT_CONVERSION = YES;
				CLANG_WARN_OBJC_ROOT_CLASS = YES_ERROR;
				CLANG_WARN_UNREACHABLE_CODE = YES;
				CLANG_WARN__DUPLICATE_METHOD_MATCH = YES;
				"CODE_SIGN_IDENTITY[sdk=iphoneos*]" = "iPhone Developer";
				COPY_PHASE_STRIP = NO;
				DEBUG_INFORMATION_FORMAT = "dwarf-with-dsym";
				ENABLE_STRICT_OBJC_MSGSEND = YES;
				GCC_C_LANGUAGE_STANDARD = gnu99;
				GCC_DYNAMIC_NO_PIC = NO;
				GCC_NO_COMMON_BLOCKS = YES;
				GCC_OPTIMIZATION_LEVEL = 0;
				GCC_PREPROCESSOR_DEFINITIONS = (
					"DEBUG=1",
					"$(inherited)",
				);
				GCC_SYMBOLS_PRIVATE_EXTERN = NO;
				GCC_WARN_64_TO_32_BIT_CONVERSION = YES;
				GCC_WARN_ABOUT_RETURN_TYPE = YES_ERROR;
				GCC_WARN_UNDECLARED_SELECTOR = YES;
				GCC_WARN_UNINITIALIZED_AUTOS = YES_AGGRESSIVE;
				GCC_WARN_UNUSED_FUNCTION = YES;
				GCC_WARN_UNUSED_VARIABLE = YES;
				IPHONEOS_DEPLOYMENT_TARGET = 8.4;
				MTL_ENABLE_DEBUG_INFO = YES;
				ONLY_ACTIVE_ARCH = YES;
				SDKROOT = iphoneos;
				SWIFT_OPTIMIZATION_LEVEL = "-Onone";
			};
			name = Debug;
		};
		94E9AAF01B61945400FACE9D /* Release */ = {
			isa = XCBuildConfiguration;
			buildSettings = {
				ALWAYS_SEARCH_USER_PATHS = NO;
				CLANG_CXX_LANGUAGE_STANDARD = "gnu++0x";
				CLANG_CXX_LIBRARY = "libc++";
				CLANG_ENABLE_MODULES = YES;
				CLANG_ENABLE_OBJC_ARC = YES;
				CLANG_WARN_BOOL_CONVERSION = YES;
				CLANG_WARN_CONSTANT_CONVERSION = YES;
				CLANG_WARN_DIRECT_OBJC_ISA_USAGE = YES_ERROR;
				CLANG_WARN_EMPTY_BODY = YES;
				CLANG_WARN_ENUM_CONVERSION = YES;
				CLANG_WARN_INT_CONVERSION = YES;
				CLANG_WARN_OBJC_ROOT_CLASS = YES_ERROR;
				CLANG_WARN_UNREACHABLE_CODE = YES;
				CLANG_WARN__DUPLICATE_METHOD_MATCH = YES;
				"CODE_SIGN_IDENTITY[sdk=iphoneos*]" = "iPhone Developer";
				COPY_PHASE_STRIP = NO;
				DEBUG_INFORMATION_FORMAT = "dwarf-with-dsym";
				ENABLE_NS_ASSERTIONS = NO;
				ENABLE_STRICT_OBJC_MSGSEND = YES;
				GCC_C_LANGUAGE_STANDARD = gnu99;
				GCC_NO_COMMON_BLOCKS = YES;
				GCC_WARN_64_TO_32_BIT_CONVERSION = YES;
				GCC_WARN_ABOUT_RETURN_TYPE = YES_ERROR;
				GCC_WARN_UNDECLARED_SELECTOR = YES;
				GCC_WARN_UNINITIALIZED_AUTOS = YES_AGGRESSIVE;
				GCC_WARN_UNUSED_FUNCTION = YES;
				GCC_WARN_UNUSED_VARIABLE = YES;
				IPHONEOS_DEPLOYMENT_TARGET = 8.4;
				MTL_ENABLE_DEBUG_INFO = NO;
				SDKROOT = iphoneos;
				VALIDATE_PRODUCT = YES;
			};
			name = Release;
		};
		94E9AAF21B61945400FACE9D /* Debug */ = {
			isa = XCBuildConfiguration;
			buildSettings = {
				ASSETCATALOG_COMPILER_APPICON_NAME = AppIcon;
				FRAMEWORK_SEARCH_PATHS = (
					"$(inherited)",
					"$(PROJECT_DIR)",
				);
				INFOPLIST_FILE = "aj-law/Info.plist";
				LD_RUNPATH_SEARCH_PATHS = "$(inherited) @executable_path/Frameworks";
				LIBRARY_SEARCH_PATHS = (
					"$(inherited)",
					"$(PROJECT_DIR)/aj-law.xcodeproj/Parse.framework",
					"$(PROJECT_DIR)/aj-law.xcodeproj/Bolts.framework",
				);
				PRODUCT_NAME = JobRights;
			};
			name = Debug;
		};
		94E9AAF31B61945400FACE9D /* Release */ = {
			isa = XCBuildConfiguration;
			buildSettings = {
				ASSETCATALOG_COMPILER_APPICON_NAME = AppIcon;
				FRAMEWORK_SEARCH_PATHS = (
					"$(inherited)",
					"$(PROJECT_DIR)",
				);
				INFOPLIST_FILE = "aj-law/Info.plist";
				LD_RUNPATH_SEARCH_PATHS = "$(inherited) @executable_path/Frameworks";
				LIBRARY_SEARCH_PATHS = (
					"$(inherited)",
					"$(PROJECT_DIR)/aj-law.xcodeproj/Parse.framework",
					"$(PROJECT_DIR)/aj-law.xcodeproj/Bolts.framework",
				);
				PRODUCT_NAME = JobRights;
			};
			name = Release;
		};
		94E9AAF51B61945400FACE9D /* Debug */ = {
			isa = XCBuildConfiguration;
			buildSettings = {
				BUNDLE_LOADER = "$(TEST_HOST)";
				FRAMEWORK_SEARCH_PATHS = (
					"$(SDKROOT)/Developer/Library/Frameworks",
					"$(inherited)",
				);
				GCC_PREPROCESSOR_DEFINITIONS = (
					"DEBUG=1",
					"$(inherited)",
				);
				INFOPLIST_FILE = "aj-lawTests/Info.plist";
				LD_RUNPATH_SEARCH_PATHS = "$(inherited) @executable_path/Frameworks @loader_path/Frameworks";
				PRODUCT_NAME = JobRightsTests;
				TEST_HOST = "$(BUILT_PRODUCTS_DIR)/aj-law.app/aj-law";
			};
			name = Debug;
		};
		94E9AAF61B61945400FACE9D /* Release */ = {
			isa = XCBuildConfiguration;
			buildSettings = {
				BUNDLE_LOADER = "$(TEST_HOST)";
				FRAMEWORK_SEARCH_PATHS = (
					"$(SDKROOT)/Developer/Library/Frameworks",
					"$(inherited)",
				);
				INFOPLIST_FILE = "aj-lawTests/Info.plist";
				LD_RUNPATH_SEARCH_PATHS = "$(inherited) @executable_path/Frameworks @loader_path/Frameworks";
				PRODUCT_NAME = JobRightsTests;
				TEST_HOST = "$(BUILT_PRODUCTS_DIR)/aj-law.app/aj-law";
			};
			name = Release;
		};
/* End XCBuildConfiguration section */

/* Begin XCConfigurationList section */
		94E9AACD1B61945400FACE9D /* Build configuration list for PBXProject "JobRights" */ = {
			isa = XCConfigurationList;
			buildConfigurations = (
				94E9AAEF1B61945400FACE9D /* Debug */,
				94E9AAF01B61945400FACE9D /* Release */,
			);
			defaultConfigurationIsVisible = 0;
			defaultConfigurationName = Release;
		};
		94E9AAF11B61945400FACE9D /* Build configuration list for PBXNativeTarget "JobRights" */ = {
			isa = XCConfigurationList;
			buildConfigurations = (
				94E9AAF21B61945400FACE9D /* Debug */,
				94E9AAF31B61945400FACE9D /* Release */,
			);
			defaultConfigurationIsVisible = 0;
			defaultConfigurationName = Release;
		};
		94E9AAF41B61945400FACE9D /* Build configuration list for PBXNativeTarget "JobRightsTests" */ = {
			isa = XCConfigurationList;
			buildConfigurations = (
				94E9AAF51B61945400FACE9D /* Debug */,
				94E9AAF61B61945400FACE9D /* Release */,
			);
			defaultConfigurationIsVisible = 0;
			defaultConfigurationName = Release;
		};
/* End XCConfigurationList section */
	};
	rootObject = 94E9AACA1B61945400FACE9D /* Project object */;
}
